// !$*UTF8*$!
{
	archiveVersion = 1;
	classes = {
	};
	objectVersion = 56;
	objects = {

/* Begin PBXBuildFile section */
		E53884552B9919C9008F37F6 /* EditProfileView.swift in Sources */ = {isa = PBXBuildFile; fileRef = E53884542B9919C9008F37F6 /* EditProfileView.swift */; };
		E53884592B99635A008F37F6 /* EditProfileViewModel.swift in Sources */ = {isa = PBXBuildFile; fileRef = E53884582B99635A008F37F6 /* EditProfileViewModel.swift */; };
		E538845C2B9AD01C008F37F6 /* ImageUploader.swift in Sources */ = {isa = PBXBuildFile; fileRef = E538845B2B9AD01C008F37F6 /* ImageUploader.swift */; };
		E538845F2B9AD90C008F37F6 /* Kingfisher in Frameworks */ = {isa = PBXBuildFile; productRef = E538845E2B9AD90C008F37F6 /* Kingfisher */; };
		E53884622B9AD92D008F37F6 /* CircularProfileImageView.swift in Sources */ = {isa = PBXBuildFile; fileRef = E53884612B9AD92D008F37F6 /* CircularProfileImageView.swift */; };
		E53884692B9CC7E4008F37F6 /* AddProjectImageView.swift in Sources */ = {isa = PBXBuildFile; fileRef = E53884682B9CC7E4008F37F6 /* AddProjectImageView.swift */; };
		E538846C2B9CCD94008F37F6 /* AddProjectViewModel.swift in Sources */ = {isa = PBXBuildFile; fileRef = E538846B2B9CCD94008F37F6 /* AddProjectViewModel.swift */; };
		E553D2962B3BCC9B007DD8A3 /* RegistrationView.swift in Sources */ = {isa = PBXBuildFile; fileRef = E553D2952B3BCC9B007DD8A3 /* RegistrationView.swift */; };
		E565F1432B9CEAA2008422B1 /* AddProjectInformationView.swift in Sources */ = {isa = PBXBuildFile; fileRef = E565F1422B9CEAA2008422B1 /* AddProjectInformationView.swift */; };
		E56E90552B471DCA00CB3894 /* LoginView.swift in Sources */ = {isa = PBXBuildFile; fileRef = E56E90542B471DCA00CB3894 /* LoginView.swift */; };
		E56E90582B471E2F00CB3894 /* Authentication.swift in Sources */ = {isa = PBXBuildFile; fileRef = E56E90572B471E2F00CB3894 /* Authentication.swift */; };
		E56E905D2B47208800CB3894 /* ContentViewModel.swift in Sources */ = {isa = PBXBuildFile; fileRef = E56E905C2B47208800CB3894 /* ContentViewModel.swift */; };
		E56E90602B47246300CB3894 /* RegistrationViewModel.swift in Sources */ = {isa = PBXBuildFile; fileRef = E56E905F2B47246300CB3894 /* RegistrationViewModel.swift */; };
		E5763B4C2B9D5E4D00253B20 /* HomeFeedCellView.swift in Sources */ = {isa = PBXBuildFile; fileRef = E5763B4B2B9D5E4D00253B20 /* HomeFeedCellView.swift */; };
		E5763B502B9E5EAF00253B20 /* HomeFeedViewModel.swift in Sources */ = {isa = PBXBuildFile; fileRef = E5763B4F2B9E5EAF00253B20 /* HomeFeedViewModel.swift */; };
		E5763B522B9E649400253B20 /* UserService.swift in Sources */ = {isa = PBXBuildFile; fileRef = E5763B512B9E649400253B20 /* UserService.swift */; };
		E5763B542B9E71D200253B20 /* PortfolioService.swift in Sources */ = {isa = PBXBuildFile; fileRef = E5763B532B9E71D200253B20 /* PortfolioService.swift */; };
		E5763B562B9E829500253B20 /* ProfileFeedViewModel.swift in Sources */ = {isa = PBXBuildFile; fileRef = E5763B552B9E829500253B20 /* ProfileFeedViewModel.swift */; };
		E5763B582B9E975C00253B20 /* ProjectDetailedView.swift in Sources */ = {isa = PBXBuildFile; fileRef = E5763B572B9E975C00253B20 /* ProjectDetailedView.swift */; };
		E5763B5A2B9F461300253B20 /* ProfileView.swift in Sources */ = {isa = PBXBuildFile; fileRef = E5763B592B9F461300253B20 /* ProfileView.swift */; };
		E5763B5C2BA122FF00253B20 /* AddResumeItemView.swift in Sources */ = {isa = PBXBuildFile; fileRef = E5763B5B2BA122FF00253B20 /* AddResumeItemView.swift */; };
		E5763B5E2BA124C500253B20 /* CustomInputFieldView.swift in Sources */ = {isa = PBXBuildFile; fileRef = E5763B5D2BA124C500253B20 /* CustomInputFieldView.swift */; };
		E5763B602BA1278000253B20 /* ResumeItemView.swift in Sources */ = {isa = PBXBuildFile; fileRef = E5763B5F2BA1278000253B20 /* ResumeItemView.swift */; };
		E5763B632BA12CA600253B20 /* ResumeItemViewModel.swift in Sources */ = {isa = PBXBuildFile; fileRef = E5763B622BA12CA600253B20 /* ResumeItemViewModel.swift */; };
		E5763B652BA13BD900253B20 /* ResumeItem.swift in Sources */ = {isa = PBXBuildFile; fileRef = E5763B642BA13BD900253B20 /* ResumeItem.swift */; };
		E5B491A82B43796900B60AC3 /* Lato-Regular.ttf in Resources */ = {isa = PBXBuildFile; fileRef = E5B491A72B43795A00B60AC3 /* Lato-Regular.ttf */; };
		E5B491AB2B437AF300B60AC3 /* Lato-Black.ttf in Resources */ = {isa = PBXBuildFile; fileRef = E5B491AA2B437AF200B60AC3 /* Lato-Black.ttf */; };
		E5B491AD2B437B0600B60AC3 /* Lato-Bold.ttf in Resources */ = {isa = PBXBuildFile; fileRef = E5B491AC2B437B0600B60AC3 /* Lato-Bold.ttf */; };
		E5DD54A02B487E0F00A39857 /* LoginViewModel.swift in Sources */ = {isa = PBXBuildFile; fileRef = E5DD549F2B487E0F00A39857 /* LoginViewModel.swift */; };
		E5E994C82B48F3C100E85CCD /* Project.swift in Sources */ = {isa = PBXBuildFile; fileRef = E5E994C72B48F3C100E85CCD /* Project.swift */; };
		E5EB27B12B3F6ED6003001DE /* User.swift in Sources */ = {isa = PBXBuildFile; fileRef = E5EB27B02B3F6ED6003001DE /* User.swift */; };
		E5EB27B52B4100B2003001DE /* GoogleService-Info.plist in Resources */ = {isa = PBXBuildFile; fileRef = E5EB27B42B4100B2003001DE /* GoogleService-Info.plist */; };
		E5F454272B2E19E40080AE4D /* SkillSyncApp.swift in Sources */ = {isa = PBXBuildFile; fileRef = E5F454262B2E19E40080AE4D /* SkillSyncApp.swift */; };
		E5F454292B2E19E40080AE4D /* ContentView.swift in Sources */ = {isa = PBXBuildFile; fileRef = E5F454282B2E19E40080AE4D /* ContentView.swift */; };
		E5F4542B2B2E19EB0080AE4D /* Assets.xcassets in Resources */ = {isa = PBXBuildFile; fileRef = E5F4542A2B2E19EB0080AE4D /* Assets.xcassets */; };
		E5F4542E2B2E19EB0080AE4D /* Preview Assets.xcassets in Resources */ = {isa = PBXBuildFile; fileRef = E5F4542D2B2E19EB0080AE4D /* Preview Assets.xcassets */; };
		E5F454352B2E2DD10080AE4D /* MainTabView.swift in Sources */ = {isa = PBXBuildFile; fileRef = E5F454342B2E2DD10080AE4D /* MainTabView.swift */; };
		E5F454392B2E2FB20080AE4D /* DiscoverView.swift in Sources */ = {isa = PBXBuildFile; fileRef = E5F454382B2E2FB10080AE4D /* DiscoverView.swift */; };
		E5F4543B2B2E30080080AE4D /* EditPortfolioView.swift in Sources */ = {isa = PBXBuildFile; fileRef = E5F4543A2B2E30080080AE4D /* EditPortfolioView.swift */; };
		E5F4543D2B2E30210080AE4D /* NotificationView.swift in Sources */ = {isa = PBXBuildFile; fileRef = E5F4543C2B2E30210080AE4D /* NotificationView.swift */; };
		E5F4543F2B2E30380080AE4D /* CurrentUserProfileView.swift in Sources */ = {isa = PBXBuildFile; fileRef = E5F4543E2B2E30370080AE4D /* CurrentUserProfileView.swift */; };
		E5F454412B2E30A60080AE4D /* HomeFeedView.swift in Sources */ = {isa = PBXBuildFile; fileRef = E5F454402B2E30A60080AE4D /* HomeFeedView.swift */; };
		E5FBE6C62B45D9FE00E27224 /* LandingView.swift in Sources */ = {isa = PBXBuildFile; fileRef = E5FBE6C52B45D9FE00E27224 /* LandingView.swift */; };
		E5FBE6D52B45DE9600E27224 /* FirebaseAuth in Frameworks */ = {isa = PBXBuildFile; productRef = E5FBE6D42B45DE9600E27224 /* FirebaseAuth */; };
		E5FBE6E12B45DE9600E27224 /* FirebaseFirestore in Frameworks */ = {isa = PBXBuildFile; productRef = E5FBE6E02B45DE9600E27224 /* FirebaseFirestore */; };
		E5FBE6E52B45DE9600E27224 /* FirebaseFirestoreSwift in Frameworks */ = {isa = PBXBuildFile; productRef = E5FBE6E42B45DE9600E27224 /* FirebaseFirestoreSwift */; };
		E5FBE6FB2B45DE9600E27224 /* FirebaseStorage in Frameworks */ = {isa = PBXBuildFile; productRef = E5FBE6FA2B45DE9600E27224 /* FirebaseStorage */; };
/* End PBXBuildFile section */

/* Begin PBXFileReference section */
		E53884542B9919C9008F37F6 /* EditProfileView.swift */ = {isa = PBXFileReference; lastKnownFileType = sourcecode.swift; path = EditProfileView.swift; sourceTree = "<group>"; };
		E53884582B99635A008F37F6 /* EditProfileViewModel.swift */ = {isa = PBXFileReference; lastKnownFileType = sourcecode.swift; path = EditProfileViewModel.swift; sourceTree = "<group>"; };
		E538845B2B9AD01C008F37F6 /* ImageUploader.swift */ = {isa = PBXFileReference; lastKnownFileType = sourcecode.swift; path = ImageUploader.swift; sourceTree = "<group>"; };
		E53884612B9AD92D008F37F6 /* CircularProfileImageView.swift */ = {isa = PBXFileReference; lastKnownFileType = sourcecode.swift; path = CircularProfileImageView.swift; sourceTree = "<group>"; };
		E53884682B9CC7E4008F37F6 /* AddProjectImageView.swift */ = {isa = PBXFileReference; lastKnownFileType = sourcecode.swift; path = AddProjectImageView.swift; sourceTree = "<group>"; };
		E538846B2B9CCD94008F37F6 /* AddProjectViewModel.swift */ = {isa = PBXFileReference; lastKnownFileType = sourcecode.swift; path = AddProjectViewModel.swift; sourceTree = "<group>"; };
		E553D2952B3BCC9B007DD8A3 /* RegistrationView.swift */ = {isa = PBXFileReference; lastKnownFileType = sourcecode.swift; path = RegistrationView.swift; sourceTree = "<group>"; };
		E565F1422B9CEAA2008422B1 /* AddProjectInformationView.swift */ = {isa = PBXFileReference; lastKnownFileType = sourcecode.swift; path = AddProjectInformationView.swift; sourceTree = "<group>"; };
		E56E90542B471DCA00CB3894 /* LoginView.swift */ = {isa = PBXFileReference; lastKnownFileType = sourcecode.swift; path = LoginView.swift; sourceTree = "<group>"; };
		E56E90572B471E2F00CB3894 /* Authentication.swift */ = {isa = PBXFileReference; lastKnownFileType = sourcecode.swift; path = Authentication.swift; sourceTree = "<group>"; };
		E56E905C2B47208800CB3894 /* ContentViewModel.swift */ = {isa = PBXFileReference; lastKnownFileType = sourcecode.swift; path = ContentViewModel.swift; sourceTree = "<group>"; };
		E56E905F2B47246300CB3894 /* RegistrationViewModel.swift */ = {isa = PBXFileReference; lastKnownFileType = sourcecode.swift; path = RegistrationViewModel.swift; sourceTree = "<group>"; };
		E5763B4B2B9D5E4D00253B20 /* HomeFeedCellView.swift */ = {isa = PBXFileReference; lastKnownFileType = sourcecode.swift; path = HomeFeedCellView.swift; sourceTree = "<group>"; };
		E5763B4F2B9E5EAF00253B20 /* HomeFeedViewModel.swift */ = {isa = PBXFileReference; lastKnownFileType = sourcecode.swift; path = HomeFeedViewModel.swift; sourceTree = "<group>"; };
		E5763B512B9E649400253B20 /* UserService.swift */ = {isa = PBXFileReference; lastKnownFileType = sourcecode.swift; path = UserService.swift; sourceTree = "<group>"; };
		E5763B532B9E71D200253B20 /* PortfolioService.swift */ = {isa = PBXFileReference; lastKnownFileType = sourcecode.swift; path = PortfolioService.swift; sourceTree = "<group>"; };
		E5763B552B9E829500253B20 /* ProfileFeedViewModel.swift */ = {isa = PBXFileReference; lastKnownFileType = sourcecode.swift; path = ProfileFeedViewModel.swift; sourceTree = "<group>"; };
		E5763B572B9E975C00253B20 /* ProjectDetailedView.swift */ = {isa = PBXFileReference; lastKnownFileType = sourcecode.swift; path = ProjectDetailedView.swift; sourceTree = "<group>"; };
		E5763B592B9F461300253B20 /* ProfileView.swift */ = {isa = PBXFileReference; lastKnownFileType = sourcecode.swift; path = ProfileView.swift; sourceTree = "<group>"; };
		E5763B5B2BA122FF00253B20 /* AddResumeItemView.swift */ = {isa = PBXFileReference; lastKnownFileType = sourcecode.swift; path = AddResumeItemView.swift; sourceTree = "<group>"; };
		E5763B5D2BA124C500253B20 /* CustomInputFieldView.swift */ = {isa = PBXFileReference; lastKnownFileType = sourcecode.swift; path = CustomInputFieldView.swift; sourceTree = "<group>"; };
		E5763B5F2BA1278000253B20 /* ResumeItemView.swift */ = {isa = PBXFileReference; lastKnownFileType = sourcecode.swift; path = ResumeItemView.swift; sourceTree = "<group>"; };
		E5763B612BA1293E00253B20 /* Lato-Italic.ttf */ = {isa = PBXFileReference; lastKnownFileType = file; name = "Lato-Italic.ttf"; path = "../../../../Downloads/Lato/Lato-Italic.ttf"; sourceTree = "<group>"; };
		E5763B622BA12CA600253B20 /* ResumeItemViewModel.swift */ = {isa = PBXFileReference; lastKnownFileType = sourcecode.swift; path = ResumeItemViewModel.swift; sourceTree = "<group>"; };
		E5763B642BA13BD900253B20 /* ResumeItem.swift */ = {isa = PBXFileReference; lastKnownFileType = sourcecode.swift; path = ResumeItem.swift; sourceTree = "<group>"; };
		E5B491A72B43795A00B60AC3 /* Lato-Regular.ttf */ = {isa = PBXFileReference; lastKnownFileType = file; path = "Lato-Regular.ttf"; sourceTree = "<group>"; };
		E5B491A92B4379BA00B60AC3 /* Info.plist */ = {isa = PBXFileReference; lastKnownFileType = text.plist; path = Info.plist; sourceTree = "<group>"; };
		E5B491AA2B437AF200B60AC3 /* Lato-Black.ttf */ = {isa = PBXFileReference; lastKnownFileType = file; path = "Lato-Black.ttf"; sourceTree = "<group>"; };
		E5B491AC2B437B0600B60AC3 /* Lato-Bold.ttf */ = {isa = PBXFileReference; lastKnownFileType = file; path = "Lato-Bold.ttf"; sourceTree = "<group>"; };
		E5DD549F2B487E0F00A39857 /* LoginViewModel.swift */ = {isa = PBXFileReference; lastKnownFileType = sourcecode.swift; path = LoginViewModel.swift; sourceTree = "<group>"; };
		E5E994C72B48F3C100E85CCD /* Project.swift */ = {isa = PBXFileReference; lastKnownFileType = sourcecode.swift; path = Project.swift; sourceTree = "<group>"; };
		E5EB27B02B3F6ED6003001DE /* User.swift */ = {isa = PBXFileReference; lastKnownFileType = sourcecode.swift; path = User.swift; sourceTree = "<group>"; };
		E5EB27B42B4100B2003001DE /* GoogleService-Info.plist */ = {isa = PBXFileReference; lastKnownFileType = text.plist; path = "GoogleService-Info.plist"; sourceTree = SOURCE_ROOT; };
		E5F454232B2E19E40080AE4D /* SkillSync.app */ = {isa = PBXFileReference; explicitFileType = wrapper.application; includeInIndex = 0; path = SkillSync.app; sourceTree = BUILT_PRODUCTS_DIR; };
		E5F454262B2E19E40080AE4D /* SkillSyncApp.swift */ = {isa = PBXFileReference; lastKnownFileType = sourcecode.swift; path = SkillSyncApp.swift; sourceTree = "<group>"; };
		E5F454282B2E19E40080AE4D /* ContentView.swift */ = {isa = PBXFileReference; lastKnownFileType = sourcecode.swift; path = ContentView.swift; sourceTree = "<group>"; };
		E5F4542A2B2E19EB0080AE4D /* Assets.xcassets */ = {isa = PBXFileReference; lastKnownFileType = folder.assetcatalog; path = Assets.xcassets; sourceTree = "<group>"; };
		E5F4542D2B2E19EB0080AE4D /* Preview Assets.xcassets */ = {isa = PBXFileReference; lastKnownFileType = folder.assetcatalog; path = "Preview Assets.xcassets"; sourceTree = "<group>"; };
		E5F454342B2E2DD10080AE4D /* MainTabView.swift */ = {isa = PBXFileReference; lastKnownFileType = sourcecode.swift; path = MainTabView.swift; sourceTree = "<group>"; };
		E5F454382B2E2FB10080AE4D /* DiscoverView.swift */ = {isa = PBXFileReference; lastKnownFileType = sourcecode.swift; path = DiscoverView.swift; sourceTree = "<group>"; };
		E5F4543A2B2E30080080AE4D /* EditPortfolioView.swift */ = {isa = PBXFileReference; lastKnownFileType = sourcecode.swift; path = EditPortfolioView.swift; sourceTree = "<group>"; };
		E5F4543C2B2E30210080AE4D /* NotificationView.swift */ = {isa = PBXFileReference; lastKnownFileType = sourcecode.swift; path = NotificationView.swift; sourceTree = "<group>"; };
		E5F4543E2B2E30370080AE4D /* CurrentUserProfileView.swift */ = {isa = PBXFileReference; lastKnownFileType = sourcecode.swift; path = CurrentUserProfileView.swift; sourceTree = "<group>"; };
		E5F454402B2E30A60080AE4D /* HomeFeedView.swift */ = {isa = PBXFileReference; lastKnownFileType = sourcecode.swift; path = HomeFeedView.swift; sourceTree = "<group>"; };
		E5FBE6C52B45D9FE00E27224 /* LandingView.swift */ = {isa = PBXFileReference; lastKnownFileType = sourcecode.swift; path = LandingView.swift; sourceTree = "<group>"; };
/* End PBXFileReference section */

/* Begin PBXFrameworksBuildPhase section */
		E5F454202B2E19E40080AE4D /* Frameworks */ = {
			isa = PBXFrameworksBuildPhase;
			buildActionMask = 2147483647;
			files = (
				E5FBE6E12B45DE9600E27224 /* FirebaseFirestore in Frameworks */,
				E5FBE6E52B45DE9600E27224 /* FirebaseFirestoreSwift in Frameworks */,
				E5FBE6D52B45DE9600E27224 /* FirebaseAuth in Frameworks */,
				E5FBE6FB2B45DE9600E27224 /* FirebaseStorage in Frameworks */,
				E538845F2B9AD90C008F37F6 /* Kingfisher in Frameworks */,
			);
			runOnlyForDeploymentPostprocessing = 0;
		};
/* End PBXFrameworksBuildPhase section */

/* Begin PBXGroup section */
		E53884532B9919AF008F37F6 /* Profile */ = {
			isa = PBXGroup;
			children = (
				E53884562B99632E008F37F6 /* View */,
				E53884572B996337008F37F6 /* ViewModel */,
			);
			path = Profile;
			sourceTree = "<group>";
		};
		E53884562B99632E008F37F6 /* View */ = {
			isa = PBXGroup;
			children = (
				E5F4543E2B2E30370080AE4D /* CurrentUserProfileView.swift */,
				E53884542B9919C9008F37F6 /* EditProfileView.swift */,
			);
			path = View;
			sourceTree = "<group>";
		};
		E53884572B996337008F37F6 /* ViewModel */ = {
			isa = PBXGroup;
			children = (
				E53884582B99635A008F37F6 /* EditProfileViewModel.swift */,
				E5763B552B9E829500253B20 /* ProfileFeedViewModel.swift */,
			);
			path = ViewModel;
			sourceTree = "<group>";
		};
		E538845A2B9AD010008F37F6 /* Services */ = {
			isa = PBXGroup;
			children = (
				E538845B2B9AD01C008F37F6 /* ImageUploader.swift */,
				E5763B512B9E649400253B20 /* UserService.swift */,
				E5763B532B9E71D200253B20 /* PortfolioService.swift */,
			);
			path = Services;
			sourceTree = "<group>";
		};
		E53884602B9AD91C008F37F6 /* Components */ = {
			isa = PBXGroup;
			children = (
				E5763B5B2BA122FF00253B20 /* AddResumeItemView.swift */,
				E5F454342B2E2DD10080AE4D /* MainTabView.swift */,
				E53884612B9AD92D008F37F6 /* CircularProfileImageView.swift */,
				E5763B592B9F461300253B20 /* ProfileView.swift */,
				E5763B5D2BA124C500253B20 /* CustomInputFieldView.swift */,
				E5763B5F2BA1278000253B20 /* ResumeItemView.swift */,
			);
			path = Components;
			sourceTree = "<group>";
		};
		E53884632B9C00F8008F37F6 /* EditPortfolio */ = {
			isa = PBXGroup;
			children = (
				E53884642B9C0104008F37F6 /* View */,
				E538846A2B9CCD67008F37F6 /* ViewModel */,
			);
			path = EditPortfolio;
			sourceTree = "<group>";
		};
		E53884642B9C0104008F37F6 /* View */ = {
			isa = PBXGroup;
			children = (
				E5F4543A2B2E30080080AE4D /* EditPortfolioView.swift */,
				E53884682B9CC7E4008F37F6 /* AddProjectImageView.swift */,
				E565F1422B9CEAA2008422B1 /* AddProjectInformationView.swift */,
			);
			path = View;
			sourceTree = "<group>";
		};
		E53884652B9C16A2008F37F6 /* TabBarScreens */ = {
			isa = PBXGroup;
			children = (
				E53884632B9C00F8008F37F6 /* EditPortfolio */,
				E53884532B9919AF008F37F6 /* Profile */,
				E5763B4A2B9D5E3B00253B20 /* HomeFeed */,
				E5F454382B2E2FB10080AE4D /* DiscoverView.swift */,
				E5F4543C2B2E30210080AE4D /* NotificationView.swift */,
			);
			path = TabBarScreens;
			sourceTree = "<group>";
		};
		E538846A2B9CCD67008F37F6 /* ViewModel */ = {
			isa = PBXGroup;
			children = (
				E538846B2B9CCD94008F37F6 /* AddProjectViewModel.swift */,
				E5763B622BA12CA600253B20 /* ResumeItemViewModel.swift */,
			);
			path = ViewModel;
			sourceTree = "<group>";
		};
		E56E90522B471C3300CB3894 /* Authentication */ = {
			isa = PBXGroup;
			children = (
				E56E90532B471CD700CB3894 /* View */,
				E56E905E2B47242C00CB3894 /* ViewModel */,
				E56E90562B471E1A00CB3894 /* Service */,
			);
			path = Authentication;
			sourceTree = "<group>";
		};
		E56E90532B471CD700CB3894 /* View */ = {
			isa = PBXGroup;
			children = (
				E5FBE6C52B45D9FE00E27224 /* LandingView.swift */,
				E553D2952B3BCC9B007DD8A3 /* RegistrationView.swift */,
				E56E90542B471DCA00CB3894 /* LoginView.swift */,
			);
			path = View;
			sourceTree = "<group>";
		};
		E56E90562B471E1A00CB3894 /* Service */ = {
			isa = PBXGroup;
			children = (
				E56E90572B471E2F00CB3894 /* Authentication.swift */,
			);
			path = Service;
			sourceTree = "<group>";
		};
		E56E90592B47200D00CB3894 /* Root */ = {
			isa = PBXGroup;
			children = (
				E56E905A2B47201F00CB3894 /* View */,
				E56E905B2B47202C00CB3894 /* ViewModel */,
			);
			path = Root;
			sourceTree = "<group>";
		};
		E56E905A2B47201F00CB3894 /* View */ = {
			isa = PBXGroup;
			children = (
				E5F454282B2E19E40080AE4D /* ContentView.swift */,
			);
			path = View;
			sourceTree = "<group>";
		};
		E56E905B2B47202C00CB3894 /* ViewModel */ = {
			isa = PBXGroup;
			children = (
				E56E905C2B47208800CB3894 /* ContentViewModel.swift */,
			);
			path = ViewModel;
			sourceTree = "<group>";
		};
		E56E905E2B47242C00CB3894 /* ViewModel */ = {
			isa = PBXGroup;
			children = (
				E56E905F2B47246300CB3894 /* RegistrationViewModel.swift */,
				E5DD549F2B487E0F00A39857 /* LoginViewModel.swift */,
			);
			path = ViewModel;
			sourceTree = "<group>";
		};
		E5763B4A2B9D5E3B00253B20 /* HomeFeed */ = {
			isa = PBXGroup;
			children = (
				E5763B4D2B9E5E8100253B20 /* View */,
				E5763B4E2B9E5E8B00253B20 /* ViewModel */,
			);
			path = HomeFeed;
			sourceTree = "<group>";
		};
		E5763B4D2B9E5E8100253B20 /* View */ = {
			isa = PBXGroup;
			children = (
				E5F454402B2E30A60080AE4D /* HomeFeedView.swift */,
				E5763B4B2B9D5E4D00253B20 /* HomeFeedCellView.swift */,
				E5763B572B9E975C00253B20 /* ProjectDetailedView.swift */,
			);
			path = View;
			sourceTree = "<group>";
		};
		E5763B4E2B9E5E8B00253B20 /* ViewModel */ = {
			isa = PBXGroup;
			children = (
				E5763B4F2B9E5EAF00253B20 /* HomeFeedViewModel.swift */,
			);
			path = ViewModel;
			sourceTree = "<group>";
		};
		E5B491A62B43791D00B60AC3 /* Fonts */ = {
			isa = PBXGroup;
			children = (
				E5763B612BA1293E00253B20 /* Lato-Italic.ttf */,
				E5B491A72B43795A00B60AC3 /* Lato-Regular.ttf */,
				E5B491AA2B437AF200B60AC3 /* Lato-Black.ttf */,
				E5B491AC2B437B0600B60AC3 /* Lato-Bold.ttf */,
			);
			path = Fonts;
			sourceTree = "<group>";
		};
		E5EB27AF2B3F6E94003001DE /* Model */ = {
			isa = PBXGroup;
			children = (
				E5EB27B02B3F6ED6003001DE /* User.swift */,
				E5E994C72B48F3C100E85CCD /* Project.swift */,
				E5763B642BA13BD900253B20 /* ResumeItem.swift */,
			);
			path = Model;
			sourceTree = "<group>";
		};
		E5F4541A2B2E19E40080AE4D = {
			isa = PBXGroup;
			children = (
				E5F454252B2E19E40080AE4D /* SkillSync */,
				E5F454242B2E19E40080AE4D /* Products */,
			);
			sourceTree = "<group>";
		};
		E5F454242B2E19E40080AE4D /* Products */ = {
			isa = PBXGroup;
			children = (
				E5F454232B2E19E40080AE4D /* SkillSync.app */,
			);
			name = Products;
			sourceTree = "<group>";
		};
		E5F454252B2E19E40080AE4D /* SkillSync */ = {
			isa = PBXGroup;
			children = (
				E5F454262B2E19E40080AE4D /* SkillSyncApp.swift */,
				E53884652B9C16A2008F37F6 /* TabBarScreens */,
				E53884602B9AD91C008F37F6 /* Components */,
				E538845A2B9AD010008F37F6 /* Services */,
				E5B491A62B43791D00B60AC3 /* Fonts */,
				E56E90592B47200D00CB3894 /* Root */,
				E56E90522B471C3300CB3894 /* Authentication */,
				E5EB27AF2B3F6E94003001DE /* Model */,
				E5F4542A2B2E19EB0080AE4D /* Assets.xcassets */,
				E5B491A92B4379BA00B60AC3 /* Info.plist */,
				E5EB27B42B4100B2003001DE /* GoogleService-Info.plist */,
				E5F4542C2B2E19EB0080AE4D /* Preview Content */,
			);
			path = SkillSync;
			sourceTree = "<group>";
		};
		E5F4542C2B2E19EB0080AE4D /* Preview Content */ = {
			isa = PBXGroup;
			children = (
				E5F4542D2B2E19EB0080AE4D /* Preview Assets.xcassets */,
			);
			path = "Preview Content";
			sourceTree = "<group>";
		};
/* End PBXGroup section */

/* Begin PBXNativeTarget section */
		E5F454222B2E19E40080AE4D /* SkillSync */ = {
			isa = PBXNativeTarget;
			buildConfigurationList = E5F454312B2E19EB0080AE4D /* Build configuration list for PBXNativeTarget "SkillSync" */;
			buildPhases = (
				E5F4541F2B2E19E40080AE4D /* Sources */,
				E5F454202B2E19E40080AE4D /* Frameworks */,
				E5F454212B2E19E40080AE4D /* Resources */,
			);
			buildRules = (
			);
			dependencies = (
			);
			name = SkillSync;
			packageProductDependencies = (
				E5FBE6D42B45DE9600E27224 /* FirebaseAuth */,
				E5FBE6E02B45DE9600E27224 /* FirebaseFirestore */,
				E5FBE6E42B45DE9600E27224 /* FirebaseFirestoreSwift */,
				E5FBE6FA2B45DE9600E27224 /* FirebaseStorage */,
				E538845E2B9AD90C008F37F6 /* Kingfisher */,
			);
			productName = SkillSync;
			productReference = E5F454232B2E19E40080AE4D /* SkillSync.app */;
			productType = "com.apple.product-type.application";
		};
/* End PBXNativeTarget section */

/* Begin PBXProject section */
		E5F4541B2B2E19E40080AE4D /* Project object */ = {
			isa = PBXProject;
			attributes = {
				BuildIndependentTargetsInParallel = 1;
				LastSwiftUpdateCheck = 1510;
				LastUpgradeCheck = 1510;
				TargetAttributes = {
					E5F454222B2E19E40080AE4D = {
						CreatedOnToolsVersion = 15.1;
					};
				};
			};
			buildConfigurationList = E5F4541E2B2E19E40080AE4D /* Build configuration list for PBXProject "SkillSync" */;
			compatibilityVersion = "Xcode 14.0";
			developmentRegion = en;
			hasScannedForEncodings = 0;
			knownRegions = (
				en,
				Base,
			);
			mainGroup = E5F4541A2B2E19E40080AE4D;
			packageReferences = (
				E5FBE6C72B45DE9600E27224 /* XCRemoteSwiftPackageReference "firebase-ios-sdk" */,
				E538845D2B9AD90C008F37F6 /* XCRemoteSwiftPackageReference "Kingfisher" */,
			);
			productRefGroup = E5F454242B2E19E40080AE4D /* Products */;
			projectDirPath = "";
			projectRoot = "";
			targets = (
				E5F454222B2E19E40080AE4D /* SkillSync */,
			);
		};
/* End PBXProject section */

/* Begin PBXResourcesBuildPhase section */
		E5F454212B2E19E40080AE4D /* Resources */ = {
			isa = PBXResourcesBuildPhase;
			buildActionMask = 2147483647;
			files = (
				E5F4542E2B2E19EB0080AE4D /* Preview Assets.xcassets in Resources */,
				E5B491AD2B437B0600B60AC3 /* Lato-Bold.ttf in Resources */,
				E5F4542B2B2E19EB0080AE4D /* Assets.xcassets in Resources */,
				E5EB27B52B4100B2003001DE /* GoogleService-Info.plist in Resources */,
				E5B491AB2B437AF300B60AC3 /* Lato-Black.ttf in Resources */,
				E5B491A82B43796900B60AC3 /* Lato-Regular.ttf in Resources */,
			);
			runOnlyForDeploymentPostprocessing = 0;
		};
/* End PBXResourcesBuildPhase section */

/* Begin PBXSourcesBuildPhase section */
		E5F4541F2B2E19E40080AE4D /* Sources */ = {
			isa = PBXSourcesBuildPhase;
			buildActionMask = 2147483647;
			files = (
				E5763B602BA1278000253B20 /* ResumeItemView.swift in Sources */,
				E53884552B9919C9008F37F6 /* EditProfileView.swift in Sources */,
				E53884592B99635A008F37F6 /* EditProfileViewModel.swift in Sources */,
				E5763B582B9E975C00253B20 /* ProjectDetailedView.swift in Sources */,
				E5763B522B9E649400253B20 /* UserService.swift in Sources */,
				E5FBE6C62B45D9FE00E27224 /* LandingView.swift in Sources */,
				E5F4543F2B2E30380080AE4D /* CurrentUserProfileView.swift in Sources */,
				E5F454292B2E19E40080AE4D /* ContentView.swift in Sources */,
				E5F4543D2B2E30210080AE4D /* NotificationView.swift in Sources */,
				E5DD54A02B487E0F00A39857 /* LoginViewModel.swift in Sources */,
				E5763B562B9E829500253B20 /* ProfileFeedViewModel.swift in Sources */,
				E5763B5A2B9F461300253B20 /* ProfileView.swift in Sources */,
				E53884622B9AD92D008F37F6 /* CircularProfileImageView.swift in Sources */,
				E56E90582B471E2F00CB3894 /* Authentication.swift in Sources */,
				E5F454392B2E2FB20080AE4D /* DiscoverView.swift in Sources */,
				E5F4543B2B2E30080080AE4D /* EditPortfolioView.swift in Sources */,
				E565F1432B9CEAA2008422B1 /* AddProjectInformationView.swift in Sources */,
				E56E90552B471DCA00CB3894 /* LoginView.swift in Sources */,
				E5763B5E2BA124C500253B20 /* CustomInputFieldView.swift in Sources */,
				E5F454412B2E30A60080AE4D /* HomeFeedView.swift in Sources */,
				E5F454272B2E19E40080AE4D /* SkillSyncApp.swift in Sources */,
				E5763B4C2B9D5E4D00253B20 /* HomeFeedCellView.swift in Sources */,
				E53884692B9CC7E4008F37F6 /* AddProjectImageView.swift in Sources */,
				E56E90602B47246300CB3894 /* RegistrationViewModel.swift in Sources */,
				E538846C2B9CCD94008F37F6 /* AddProjectViewModel.swift in Sources */,
				E5763B502B9E5EAF00253B20 /* HomeFeedViewModel.swift in Sources */,
				E56E905D2B47208800CB3894 /* ContentViewModel.swift in Sources */,
				E5F454352B2E2DD10080AE4D /* MainTabView.swift in Sources */,
				E5E994C82B48F3C100E85CCD /* Project.swift in Sources */,
				E5763B542B9E71D200253B20 /* PortfolioService.swift in Sources */,
				E538845C2B9AD01C008F37F6 /* ImageUploader.swift in Sources */,
				E5763B652BA13BD900253B20 /* ResumeItem.swift in Sources */,
				E553D2962B3BCC9B007DD8A3 /* RegistrationView.swift in Sources */,
				E5763B632BA12CA600253B20 /* ResumeItemViewModel.swift in Sources */,
				E5763B5C2BA122FF00253B20 /* AddResumeItemView.swift in Sources */,
				E5EB27B12B3F6ED6003001DE /* User.swift in Sources */,
			);
			runOnlyForDeploymentPostprocessing = 0;
		};
/* End PBXSourcesBuildPhase section */

/* Begin XCBuildConfiguration section */
		E5F4542F2B2E19EB0080AE4D /* Debug */ = {
			isa = XCBuildConfiguration;
			buildSettings = {
				ALWAYS_SEARCH_USER_PATHS = NO;
				ASSETCATALOG_COMPILER_GENERATE_SWIFT_ASSET_SYMBOL_EXTENSIONS = YES;
				CLANG_ANALYZER_NONNULL = YES;
				CLANG_ANALYZER_NUMBER_OBJECT_CONVERSION = YES_AGGRESSIVE;
				CLANG_CXX_LANGUAGE_STANDARD = "gnu++20";
				CLANG_ENABLE_MODULES = YES;
				CLANG_ENABLE_OBJC_ARC = YES;
				CLANG_ENABLE_OBJC_WEAK = YES;
				CLANG_WARN_BLOCK_CAPTURE_AUTORELEASING = YES;
				CLANG_WARN_BOOL_CONVERSION = YES;
				CLANG_WARN_COMMA = YES;
				CLANG_WARN_CONSTANT_CONVERSION = YES;
				CLANG_WARN_DEPRECATED_OBJC_IMPLEMENTATIONS = YES;
				CLANG_WARN_DIRECT_OBJC_ISA_USAGE = YES_ERROR;
				CLANG_WARN_DOCUMENTATION_COMMENTS = YES;
				CLANG_WARN_EMPTY_BODY = YES;
				CLANG_WARN_ENUM_CONVERSION = YES;
				CLANG_WARN_INFINITE_RECURSION = YES;
				CLANG_WARN_INT_CONVERSION = YES;
				CLANG_WARN_NON_LITERAL_NULL_CONVERSION = YES;
				CLANG_WARN_OBJC_IMPLICIT_RETAIN_SELF = YES;
				CLANG_WARN_OBJC_LITERAL_CONVERSION = YES;
				CLANG_WARN_OBJC_ROOT_CLASS = YES_ERROR;
				CLANG_WARN_QUOTED_INCLUDE_IN_FRAMEWORK_HEADER = YES;
				CLANG_WARN_RANGE_LOOP_ANALYSIS = YES;
				CLANG_WARN_STRICT_PROTOTYPES = YES;
				CLANG_WARN_SUSPICIOUS_MOVE = YES;
				CLANG_WARN_UNGUARDED_AVAILABILITY = YES_AGGRESSIVE;
				CLANG_WARN_UNREACHABLE_CODE = YES;
				CLANG_WARN__DUPLICATE_METHOD_MATCH = YES;
				COPY_PHASE_STRIP = NO;
				DEBUG_INFORMATION_FORMAT = dwarf;
				ENABLE_STRICT_OBJC_MSGSEND = YES;
				ENABLE_TESTABILITY = YES;
				ENABLE_USER_SCRIPT_SANDBOXING = YES;
				GCC_C_LANGUAGE_STANDARD = gnu17;
				GCC_DYNAMIC_NO_PIC = NO;
				GCC_NO_COMMON_BLOCKS = YES;
				GCC_OPTIMIZATION_LEVEL = 0;
				GCC_PREPROCESSOR_DEFINITIONS = (
					"DEBUG=1",
					"$(inherited)",
				);
				GCC_WARN_64_TO_32_BIT_CONVERSION = YES;
				GCC_WARN_ABOUT_RETURN_TYPE = YES_ERROR;
				GCC_WARN_UNDECLARED_SELECTOR = YES;
				GCC_WARN_UNINITIALIZED_AUTOS = YES_AGGRESSIVE;
				GCC_WARN_UNUSED_FUNCTION = YES;
				GCC_WARN_UNUSED_VARIABLE = YES;
				IPHONEOS_DEPLOYMENT_TARGET = 17.2;
				LOCALIZATION_PREFERS_STRING_CATALOGS = YES;
				MTL_ENABLE_DEBUG_INFO = INCLUDE_SOURCE;
				MTL_FAST_MATH = YES;
				ONLY_ACTIVE_ARCH = YES;
				SDKROOT = iphoneos;
				SWIFT_ACTIVE_COMPILATION_CONDITIONS = "DEBUG $(inherited)";
				SWIFT_OPTIMIZATION_LEVEL = "-Onone";
			};
			name = Debug;
		};
		E5F454302B2E19EB0080AE4D /* Release */ = {
			isa = XCBuildConfiguration;
			buildSettings = {
				ALWAYS_SEARCH_USER_PATHS = NO;
				ASSETCATALOG_COMPILER_GENERATE_SWIFT_ASSET_SYMBOL_EXTENSIONS = YES;
				CLANG_ANALYZER_NONNULL = YES;
				CLANG_ANALYZER_NUMBER_OBJECT_CONVERSION = YES_AGGRESSIVE;
				CLANG_CXX_LANGUAGE_STANDARD = "gnu++20";
				CLANG_ENABLE_MODULES = YES;
				CLANG_ENABLE_OBJC_ARC = YES;
				CLANG_ENABLE_OBJC_WEAK = YES;
				CLANG_WARN_BLOCK_CAPTURE_AUTORELEASING = YES;
				CLANG_WARN_BOOL_CONVERSION = YES;
				CLANG_WARN_COMMA = YES;
				CLANG_WARN_CONSTANT_CONVERSION = YES;
				CLANG_WARN_DEPRECATED_OBJC_IMPLEMENTATIONS = YES;
				CLANG_WARN_DIRECT_OBJC_ISA_USAGE = YES_ERROR;
				CLANG_WARN_DOCUMENTATION_COMMENTS = YES;
				CLANG_WARN_EMPTY_BODY = YES;
				CLANG_WARN_ENUM_CONVERSION = YES;
				CLANG_WARN_INFINITE_RECURSION = YES;
				CLANG_WARN_INT_CONVERSION = YES;
				CLANG_WARN_NON_LITERAL_NULL_CONVERSION = YES;
				CLANG_WARN_OBJC_IMPLICIT_RETAIN_SELF = YES;
				CLANG_WARN_OBJC_LITERAL_CONVERSION = YES;
				CLANG_WARN_OBJC_ROOT_CLASS = YES_ERROR;
				CLANG_WARN_QUOTED_INCLUDE_IN_FRAMEWORK_HEADER = YES;
				CLANG_WARN_RANGE_LOOP_ANALYSIS = YES;
				CLANG_WARN_STRICT_PROTOTYPES = YES;
				CLANG_WARN_SUSPICIOUS_MOVE = YES;
				CLANG_WARN_UNGUARDED_AVAILABILITY = YES_AGGRESSIVE;
				CLANG_WARN_UNREACHABLE_CODE = YES;
				CLANG_WARN__DUPLICATE_METHOD_MATCH = YES;
				COPY_PHASE_STRIP = NO;
				DEBUG_INFORMATION_FORMAT = "dwarf-with-dsym";
				ENABLE_NS_ASSERTIONS = NO;
				ENABLE_STRICT_OBJC_MSGSEND = YES;
				ENABLE_USER_SCRIPT_SANDBOXING = YES;
				GCC_C_LANGUAGE_STANDARD = gnu17;
				GCC_NO_COMMON_BLOCKS = YES;
				GCC_WARN_64_TO_32_BIT_CONVERSION = YES;
				GCC_WARN_ABOUT_RETURN_TYPE = YES_ERROR;
				GCC_WARN_UNDECLARED_SELECTOR = YES;
				GCC_WARN_UNINITIALIZED_AUTOS = YES_AGGRESSIVE;
				GCC_WARN_UNUSED_FUNCTION = YES;
				GCC_WARN_UNUSED_VARIABLE = YES;
				IPHONEOS_DEPLOYMENT_TARGET = 17.2;
				LOCALIZATION_PREFERS_STRING_CATALOGS = YES;
				MTL_ENABLE_DEBUG_INFO = NO;
				MTL_FAST_MATH = YES;
				SDKROOT = iphoneos;
				SWIFT_COMPILATION_MODE = wholemodule;
				VALIDATE_PRODUCT = YES;
			};
			name = Release;
		};
		E5F454322B2E19EB0080AE4D /* Debug */ = {
			isa = XCBuildConfiguration;
			buildSettings = {
				ASSETCATALOG_COMPILER_APPICON_NAME = AppIcon;
				ASSETCATALOG_COMPILER_GLOBAL_ACCENT_COLOR_NAME = AccentColor;
				CODE_SIGN_STYLE = Automatic;
				CURRENT_PROJECT_VERSION = 1;
				DEVELOPMENT_ASSET_PATHS = "\"SkillSync/Preview Content\"";
				DEVELOPMENT_TEAM = 27U5XGVRSV;
				ENABLE_PREVIEWS = YES;
				GENERATE_INFOPLIST_FILE = YES;
				INFOPLIST_FILE = SkillSync/Info.plist;
				INFOPLIST_KEY_UIApplicationSceneManifest_Generation = YES;
				INFOPLIST_KEY_UIApplicationSupportsIndirectInputEvents = YES;
				INFOPLIST_KEY_UILaunchScreen_Generation = YES;
				INFOPLIST_KEY_UISupportedInterfaceOrientations_iPad = "UIInterfaceOrientationPortrait UIInterfaceOrientationPortraitUpsideDown UIInterfaceOrientationLandscapeLeft UIInterfaceOrientationLandscapeRight";
				INFOPLIST_KEY_UISupportedInterfaceOrientations_iPhone = "UIInterfaceOrientationPortrait UIInterfaceOrientationLandscapeLeft UIInterfaceOrientationLandscapeRight";
				LD_RUNPATH_SEARCH_PATHS = (
					"$(inherited)",
					"@executable_path/Frameworks",
				);
				MARKETING_VERSION = 1.0;
				PRODUCT_BUNDLE_IDENTIFIER = prembalani.SkillSync;
				PRODUCT_NAME = "$(TARGET_NAME)";
				SWIFT_EMIT_LOC_STRINGS = YES;
				SWIFT_VERSION = 5.0;
				TARGETED_DEVICE_FAMILY = "1,2";
			};
			name = Debug;
		};
		E5F454332B2E19EB0080AE4D /* Release */ = {
			isa = XCBuildConfiguration;
			buildSettings = {
				ASSETCATALOG_COMPILER_APPICON_NAME = AppIcon;
				ASSETCATALOG_COMPILER_GLOBAL_ACCENT_COLOR_NAME = AccentColor;
				CODE_SIGN_STYLE = Automatic;
				CURRENT_PROJECT_VERSION = 1;
				DEVELOPMENT_ASSET_PATHS = "\"SkillSync/Preview Content\"";
				DEVELOPMENT_TEAM = 27U5XGVRSV;
				ENABLE_PREVIEWS = YES;
				GENERATE_INFOPLIST_FILE = YES;
				INFOPLIST_FILE = SkillSync/Info.plist;
				INFOPLIST_KEY_UIApplicationSceneManifest_Generation = YES;
				INFOPLIST_KEY_UIApplicationSupportsIndirectInputEvents = YES;
				INFOPLIST_KEY_UILaunchScreen_Generation = YES;
				INFOPLIST_KEY_UISupportedInterfaceOrientations_iPad = "UIInterfaceOrientationPortrait UIInterfaceOrientationPortraitUpsideDown UIInterfaceOrientationLandscapeLeft UIInterfaceOrientationLandscapeRight";
				INFOPLIST_KEY_UISupportedInterfaceOrientations_iPhone = "UIInterfaceOrientationPortrait UIInterfaceOrientationLandscapeLeft UIInterfaceOrientationLandscapeRight";
				LD_RUNPATH_SEARCH_PATHS = (
					"$(inherited)",
					"@executable_path/Frameworks",
				);
				MARKETING_VERSION = 1.0;
				PRODUCT_BUNDLE_IDENTIFIER = prembalani.SkillSync;
				PRODUCT_NAME = "$(TARGET_NAME)";
				SWIFT_EMIT_LOC_STRINGS = YES;
				SWIFT_VERSION = 5.0;
				TARGETED_DEVICE_FAMILY = "1,2";
			};
			name = Release;
		};
/* End XCBuildConfiguration section */

/* Begin XCConfigurationList section */
		E5F4541E2B2E19E40080AE4D /* Build configuration list for PBXProject "SkillSync" */ = {
			isa = XCConfigurationList;
			buildConfigurations = (
				E5F4542F2B2E19EB0080AE4D /* Debug */,
				E5F454302B2E19EB0080AE4D /* Release */,
			);
			defaultConfigurationIsVisible = 0;
			defaultConfigurationName = Release;
		};
		E5F454312B2E19EB0080AE4D /* Build configuration list for PBXNativeTarget "SkillSync" */ = {
			isa = XCConfigurationList;
			buildConfigurations = (
				E5F454322B2E19EB0080AE4D /* Debug */,
				E5F454332B2E19EB0080AE4D /* Release */,
			);
			defaultConfigurationIsVisible = 0;
			defaultConfigurationName = Release;
		};
/* End XCConfigurationList section */

/* Begin XCRemoteSwiftPackageReference section */
		E538845D2B9AD90C008F37F6 /* XCRemoteSwiftPackageReference "Kingfisher" */ = {
			isa = XCRemoteSwiftPackageReference;
			repositoryURL = "https://github.com/onevcat/Kingfisher.git";
			requirement = {
				kind = upToNextMajorVersion;
				minimumVersion = 7.11.0;
			};
		};
		E5FBE6C72B45DE9600E27224 /* XCRemoteSwiftPackageReference "firebase-ios-sdk" */ = {
			isa = XCRemoteSwiftPackageReference;
			repositoryURL = "https://github.com/firebase/firebase-ios-sdk.git";
			requirement = {
				kind = upToNextMajorVersion;
				minimumVersion = 10.19.1;
			};
		};
/* End XCRemoteSwiftPackageReference section */

/* Begin XCSwiftPackageProductDependency section */
		E538845E2B9AD90C008F37F6 /* Kingfisher */ = {
			isa = XCSwiftPackageProductDependency;
			package = E538845D2B9AD90C008F37F6 /* XCRemoteSwiftPackageReference "Kingfisher" */;
			productName = Kingfisher;
		};
		E5FBE6D42B45DE9600E27224 /* FirebaseAuth */ = {
			isa = XCSwiftPackageProductDependency;
			package = E5FBE6C72B45DE9600E27224 /* XCRemoteSwiftPackageReference "firebase-ios-sdk" */;
			productName = FirebaseAuth;
		};
		E5FBE6E02B45DE9600E27224 /* FirebaseFirestore */ = {
			isa = XCSwiftPackageProductDependency;
			package = E5FBE6C72B45DE9600E27224 /* XCRemoteSwiftPackageReference "firebase-ios-sdk" */;
			productName = FirebaseFirestore;
		};
		E5FBE6E42B45DE9600E27224 /* FirebaseFirestoreSwift */ = {
			isa = XCSwiftPackageProductDependency;
			package = E5FBE6C72B45DE9600E27224 /* XCRemoteSwiftPackageReference "firebase-ios-sdk" */;
			productName = FirebaseFirestoreSwift;
		};
		E5FBE6FA2B45DE9600E27224 /* FirebaseStorage */ = {
			isa = XCSwiftPackageProductDependency;
			package = E5FBE6C72B45DE9600E27224 /* XCRemoteSwiftPackageReference "firebase-ios-sdk" */;
			productName = FirebaseStorage;
		};
/* End XCSwiftPackageProductDependency section */
	};
	rootObject = E5F4541B2B2E19E40080AE4D /* Project object */;
}
